// !$*UTF8*$!
{
	archiveVersion = 1;
	classes = {
	};
	objectVersion = 77;
	objects = {

/* Begin PBXContainerItemProxy section */
		829F615C2CDC1EBC0009D977 /* PBXContainerItemProxy */ = {
			isa = PBXContainerItemProxy;
			containerPortal = 829F61432CDC1EBA0009D977 /* Project object */;
			proxyType = 1;
			remoteGlobalIDString = 829F614A2CDC1EBB0009D977;
			remoteInfo = Talkney;
		};
		829F61662CDC1EBC0009D977 /* PBXContainerItemProxy */ = {
			isa = PBXContainerItemProxy;
			containerPortal = 829F61432CDC1EBA0009D977 /* Project object */;
			proxyType = 1;
			remoteGlobalIDString = 829F614A2CDC1EBB0009D977;
			remoteInfo = Talkney;
		};
/* End PBXContainerItemProxy section */

/* Begin PBXFileReference section */
		829F614B2CDC1EBB0009D977 /* Talkney.app */ = {isa = PBXFileReference; explicitFileType = wrapper.application; includeInIndex = 0; path = Talkney.app; sourceTree = BUILT_PRODUCTS_DIR; };
		829F615B2CDC1EBC0009D977 /* TalkneyTests.xctest */ = {isa = PBXFileReference; explicitFileType = wrapper.cfbundle; includeInIndex = 0; path = TalkneyTests.xctest; sourceTree = BUILT_PRODUCTS_DIR; };
		829F61652CDC1EBC0009D977 /* TalkneyUITests.xctest */ = {isa = PBXFileReference; explicitFileType = wrapper.cfbundle; includeInIndex = 0; path = TalkneyUITests.xctest; sourceTree = BUILT_PRODUCTS_DIR; };
/* End PBXFileReference section */

/* Begin PBXFileSystemSynchronizedRootGroup section */
		829F614D2CDC1EBB0009D977 /* Talkney */ = {
			isa = PBXFileSystemSynchronizedRootGroup;
			path = Talkney;
			sourceTree = "<group>";
		};
		829F615E2CDC1EBC0009D977 /* TalkneyTests */ = {
			isa = PBXFileSystemSynchronizedRootGroup;
			path = TalkneyTests;
			sourceTree = "<group>";
		};
		829F61682CDC1EBC0009D977 /* TalkneyUITests */ = {
			isa = PBXFileSystemSynchronizedRootGroup;
			path = TalkneyUITests;
			sourceTree = "<group>";
		};
/* End PBXFileSystemSynchronizedRootGroup section */

/* Begin PBXFrameworksBuildPhase section */
		829F61482CDC1EBB0009D977 /* Frameworks */ = {
			isa = PBXFrameworksBuildPhase;
			buildActionMask = 2147483647;
			files = (
			);
			runOnlyForDeploymentPostprocessing = 0;
		};
		829F61582CDC1EBC0009D977 /* Frameworks */ = {
			isa = PBXFrameworksBuildPhase;
			buildActionMask = 2147483647;
			files = (
			);
			runOnlyForDeploymentPostprocessing = 0;
		};
		829F61622CDC1EBC0009D977 /* Frameworks */ = {
			isa = PBXFrameworksBuildPhase;
			buildActionMask = 2147483647;
			files = (
			);
			runOnlyForDeploymentPostprocessing = 0;
		};
/* End PBXFrameworksBuildPhase section */

/* Begin PBXGroup section */
		829F61422CDC1EBA0009D977 = {
			isa = PBXGroup;
			children = (
				829F614D2CDC1EBB0009D977 /* Talkney */,
				829F615E2CDC1EBC0009D977 /* TalkneyTests */,
				829F61682CDC1EBC0009D977 /* TalkneyUITests */,
				829F614C2CDC1EBB0009D977 /* Products */,
			);
			sourceTree = "<group>";
		};
		829F614C2CDC1EBB0009D977 /* Products */ = {
			isa = PBXGroup;
			children = (
				829F614B2CDC1EBB0009D977 /* Talkney.app */,
				829F615B2CDC1EBC0009D977 /* TalkneyTests.xctest */,
				829F61652CDC1EBC0009D977 /* TalkneyUITests.xctest */,
			);
			name = Products;
			sourceTree = "<group>";
		};
/* End PBXGroup section */

/* Begin PBXNativeTarget section */
		829F614A2CDC1EBB0009D977 /* Talkney */ = {
			isa = PBXNativeTarget;
			buildConfigurationList = 829F616F2CDC1EBC0009D977 /* Build configuration list for PBXNativeTarget "Talkney" */;
			buildPhases = (
				829F61472CDC1EBB0009D977 /* Sources */,
				829F61482CDC1EBB0009D977 /* Frameworks */,
				829F61492CDC1EBB0009D977 /* Resources */,
			);
			buildRules = (
			);
			dependencies = (
			);
			fileSystemSynchronizedGroups = (
				829F614D2CDC1EBB0009D977 /* Talkney */,
			);
			name = Talkney;
			packageProductDependencies = (
			);
			productName = Talkney;
			productReference = 829F614B2CDC1EBB0009D977 /* Talkney.app */;
			productType = "com.apple.product-type.application";
		};
		829F615A2CDC1EBC0009D977 /* TalkneyTests */ = {
			isa = PBXNativeTarget;
			buildConfigurationList = 829F61722CDC1EBC0009D977 /* Build configuration list for PBXNativeTarget "TalkneyTests" */;
			buildPhases = (
				829F61572CDC1EBC0009D977 /* Sources */,
				829F61582CDC1EBC0009D977 /* Frameworks */,
				829F61592CDC1EBC0009D977 /* Resources */,
			);
			buildRules = (
			);
			dependencies = (
				829F615D2CDC1EBC0009D977 /* PBXTargetDependency */,
			);
			fileSystemSynchronizedGroups = (
				829F615E2CDC1EBC0009D977 /* TalkneyTests */,
			);
			name = TalkneyTests;
			packageProductDependencies = (
			);
			productName = TalkneyTests;
			productReference = 829F615B2CDC1EBC0009D977 /* TalkneyTests.xctest */;
			productType = "com.apple.product-type.bundle.unit-test";
		};
		829F61642CDC1EBC0009D977 /* TalkneyUITests */ = {
			isa = PBXNativeTarget;
			buildConfigurationList = 829F61752CDC1EBC0009D977 /* Build configuration list for PBXNativeTarget "TalkneyUITests" */;
			buildPhases = (
				829F61612CDC1EBC0009D977 /* Sources */,
				829F61622CDC1EBC0009D977 /* Frameworks */,
				829F61632CDC1EBC0009D977 /* Resources */,
			);
			buildRules = (
			);
			dependencies = (
				829F61672CDC1EBC0009D977 /* PBXTargetDependency */,
			);
			fileSystemSynchronizedGroups = (
				829F61682CDC1EBC0009D977 /* TalkneyUITests */,
			);
			name = TalkneyUITests;
			packageProductDependencies = (
			);
			productName = TalkneyUITests;
			productReference = 829F61652CDC1EBC0009D977 /* TalkneyUITests.xctest */;
			productType = "com.apple.product-type.bundle.ui-testing";
		};
/* End PBXNativeTarget section */

/* Begin PBXProject section */
		829F61432CDC1EBA0009D977 /* Project object */ = {
			isa = PBXProject;
			attributes = {
				BuildIndependentTargetsInParallel = 1;
				LastSwiftUpdateCheck = 1610;
				LastUpgradeCheck = 1610;
				TargetAttributes = {
					829F614A2CDC1EBB0009D977 = {
						CreatedOnToolsVersion = 16.1;
					};
					829F615A2CDC1EBC0009D977 = {
						CreatedOnToolsVersion = 16.1;
						TestTargetID = 829F614A2CDC1EBB0009D977;
					};
					829F61642CDC1EBC0009D977 = {
						CreatedOnToolsVersion = 16.1;
						TestTargetID = 829F614A2CDC1EBB0009D977;
					};
				};
			};
			buildConfigurationList = 829F61462CDC1EBA0009D977 /* Build configuration list for PBXProject "Talkney" */;
			developmentRegion = en;
			hasScannedForEncodings = 0;
			knownRegions = (
				en,
				Base,
			);
			mainGroup = 829F61422CDC1EBA0009D977;
			minimizedProjectReferenceProxies = 1;
			preferredProjectObjectVersion = 77;
			productRefGroup = 829F614C2CDC1EBB0009D977 /* Products */;
			projectDirPath = "";
			projectRoot = "";
			targets = (
				829F614A2CDC1EBB0009D977 /* Talkney */,
				829F615A2CDC1EBC0009D977 /* TalkneyTests */,
				829F61642CDC1EBC0009D977 /* TalkneyUITests */,
			);
		};
/* End PBXProject section */

/* Begin PBXResourcesBuildPhase section */
		829F61492CDC1EBB0009D977 /* Resources */ = {
			isa = PBXResourcesBuildPhase;
			buildActionMask = 2147483647;
			files = (
			);
			runOnlyForDeploymentPostprocessing = 0;
		};
		829F61592CDC1EBC0009D977 /* Resources */ = {
			isa = PBXResourcesBuildPhase;
			buildActionMask = 2147483647;
			files = (
			);
			runOnlyForDeploymentPostprocessing = 0;
		};
		829F61632CDC1EBC0009D977 /* Resources */ = {
			isa = PBXResourcesBuildPhase;
			buildActionMask = 2147483647;
			files = (
			);
			runOnlyForDeploymentPostprocessing = 0;
		};
/* End PBXResourcesBuildPhase section */

/* Begin PBXSourcesBuildPhase section */
		829F61472CDC1EBB0009D977 /* Sources */ = {
			isa = PBXSourcesBuildPhase;
			buildActionMask = 2147483647;
			files = (
			);
			runOnlyForDeploymentPostprocessing = 0;
		};
		829F61572CDC1EBC0009D977 /* Sources */ = {
			isa = PBXSourcesBuildPhase;
			buildActionMask = 2147483647;
			files = (
			);
			runOnlyForDeploymentPostprocessing = 0;
		};
		829F61612CDC1EBC0009D977 /* Sources */ = {
			isa = PBXSourcesBuildPhase;
			buildActionMask = 2147483647;
			files = (
			);
			runOnlyForDeploymentPostprocessing = 0;
		};
/* End PBXSourcesBuildPhase section */

/* Begin PBXTargetDependency section */
		829F615D2CDC1EBC0009D977 /* PBXTargetDependency */ = {
			isa = PBXTargetDependency;
			target = 829F614A2CDC1EBB0009D977 /* Talkney */;
			targetProxy = 829F615C2CDC1EBC0009D977 /* PBXContainerItemProxy */;
		};
		829F61672CDC1EBC0009D977 /* PBXTargetDependency */ = {
			isa = PBXTargetDependency;
			target = 829F614A2CDC1EBB0009D977 /* Talkney */;
			targetProxy = 829F61662CDC1EBC0009D977 /* PBXContainerItemProxy */;
		};
/* End PBXTargetDependency section */

/* Begin XCBuildConfiguration section */
		829F616D2CDC1EBC0009D977 /* Debug */ = {
			isa = XCBuildConfiguration;
			buildSettings = {
				ALWAYS_SEARCH_USER_PATHS = NO;
				ASSETCATALOG_COMPILER_GENERATE_SWIFT_ASSET_SYMBOL_EXTENSIONS = YES;
				CLANG_ANALYZER_NONNULL = YES;
				CLANG_ANALYZER_NUMBER_OBJECT_CONVERSION = YES_AGGRESSIVE;
				CLANG_CXX_LANGUAGE_STANDARD = "gnu++20";
				CLANG_ENABLE_MODULES = YES;
				CLANG_ENABLE_OBJC_ARC = YES;
				CLANG_ENABLE_OBJC_WEAK = YES;
				CLANG_WARN_BLOCK_CAPTURE_AUTORELEASING = YES;
				CLANG_WARN_BOOL_CONVERSION = YES;
				CLANG_WARN_COMMA = YES;
				CLANG_WARN_CONSTANT_CONVERSION = YES;
				CLANG_WARN_DEPRECATED_OBJC_IMPLEMENTATIONS = YES;
				CLANG_WARN_DIRECT_OBJC_ISA_USAGE = YES_ERROR;
				CLANG_WARN_DOCUMENTATION_COMMENTS = YES;
				CLANG_WARN_EMPTY_BODY = YES;
				CLANG_WARN_ENUM_CONVERSION = YES;
				CLANG_WARN_INFINITE_RECURSION = YES;
				CLANG_WARN_INT_CONVERSION = YES;
				CLANG_WARN_NON_LITERAL_NULL_CONVERSION = YES;
				CLANG_WARN_OBJC_IMPLICIT_RETAIN_SELF = YES;
				CLANG_WARN_OBJC_LITERAL_CONVERSION = YES;
				CLANG_WARN_OBJC_ROOT_CLASS = YES_ERROR;
				CLANG_WARN_QUOTED_INCLUDE_IN_FRAMEWORK_HEADER = YES;
				CLANG_WARN_RANGE_LOOP_ANALYSIS = YES;
				CLANG_WARN_STRICT_PROTOTYPES = YES;
				CLANG_WARN_SUSPICIOUS_MOVE = YES;
				CLANG_WARN_UNGUARDED_AVAILABILITY = YES_AGGRESSIVE;
				CLANG_WARN_UNREACHABLE_CODE = YES;
				CLANG_WARN__DUPLICATE_METHOD_MATCH = YES;
				COPY_PHASE_STRIP = NO;
				DEBUG_INFORMATION_FORMAT = dwarf;
				ENABLE_STRICT_OBJC_MSGSEND = YES;
				ENABLE_TESTABILITY = YES;
				ENABLE_USER_SCRIPT_SANDBOXING = YES;
				GCC_C_LANGUAGE_STANDARD = gnu17;
				GCC_DYNAMIC_NO_PIC = NO;
				GCC_NO_COMMON_BLOCKS = YES;
				GCC_OPTIMIZATION_LEVEL = 0;
				GCC_PREPROCESSOR_DEFINITIONS = (
					"DEBUG=1",
					"$(inherited)",
				);
				GCC_WARN_64_TO_32_BIT_CONVERSION = YES;
				GCC_WARN_ABOUT_RETURN_TYPE = YES_ERROR;
				GCC_WARN_UNDECLARED_SELECTOR = YES;
				GCC_WARN_UNINITIALIZED_AUTOS = YES_AGGRESSIVE;
				GCC_WARN_UNUSED_FUNCTION = YES;
				GCC_WARN_UNUSED_VARIABLE = YES;
				IPHONEOS_DEPLOYMENT_TARGET = 18.1;
				LOCALIZATION_PREFERS_STRING_CATALOGS = YES;
				MTL_ENABLE_DEBUG_INFO = INCLUDE_SOURCE;
				MTL_FAST_MATH = YES;
				ONLY_ACTIVE_ARCH = YES;
				SDKROOT = iphoneos;
				SWIFT_ACTIVE_COMPILATION_CONDITIONS = "DEBUG $(inherited)";
				SWIFT_OPTIMIZATION_LEVEL = "-Onone";
			};
			name = Debug;
		};
		829F616E2CDC1EBC0009D977 /* Release */ = {
			isa = XCBuildConfiguration;
			buildSettings = {
				ALWAYS_SEARCH_USER_PATHS = NO;
				ASSETCATALOG_COMPILER_GENERATE_SWIFT_ASSET_SYMBOL_EXTENSIONS = YES;
				CLANG_ANALYZER_NONNULL = YES;
				CLANG_ANALYZER_NUMBER_OBJECT_CONVERSION = YES_AGGRESSIVE;
				CLANG_CXX_LANGUAGE_STANDARD = "gnu++20";
				CLANG_ENABLE_MODULES = YES;
				CLANG_ENABLE_OBJC_ARC = YES;
				CLANG_ENABLE_OBJC_WEAK = YES;
				CLANG_WARN_BLOCK_CAPTURE_AUTORELEASING = YES;
				CLANG_WARN_BOOL_CONVERSION = YES;
				CLANG_WARN_COMMA = YES;
				CLANG_WARN_CONSTANT_CONVERSION = YES;
				CLANG_WARN_DEPRECATED_OBJC_IMPLEMENTATIONS = YES;
				CLANG_WARN_DIRECT_OBJC_ISA_USAGE = YES_ERROR;
				CLANG_WARN_DOCUMENTATION_COMMENTS = YES;
				CLANG_WARN_EMPTY_BODY = YES;
				CLANG_WARN_ENUM_CONVERSION = YES;
				CLANG_WARN_INFINITE_RECURSION = YES;
				CLANG_WARN_INT_CONVERSION = YES;
				CLANG_WARN_NON_LITERAL_NULL_CONVERSION = YES;
				CLANG_WARN_OBJC_IMPLICIT_RETAIN_SELF = YES;
				CLANG_WARN_OBJC_LITERAL_CONVERSION = YES;
				CLANG_WARN_OBJC_ROOT_CLASS = YES_ERROR;
				CLANG_WARN_QUOTED_INCLUDE_IN_FRAMEWORK_HEADER = YES;
				CLANG_WARN_RANGE_LOOP_ANALYSIS = YES;
				CLANG_WARN_STRICT_PROTOTYPES = YES;
				CLANG_WARN_SUSPICIOUS_MOVE = YES;
				CLANG_WARN_UNGUARDED_AVAILABILITY = YES_AGGRESSIVE;
				CLANG_WARN_UNREACHABLE_CODE = YES;
				CLANG_WARN__DUPLICATE_METHOD_MATCH = YES;
				COPY_PHASE_STRIP = NO;
				DEBUG_INFORMATION_FORMAT = "dwarf-with-dsym";
				ENABLE_NS_ASSERTIONS = NO;
				ENABLE_STRICT_OBJC_MSGSEND = YES;
				ENABLE_USER_SCRIPT_SANDBOXING = YES;
				GCC_C_LANGUAGE_STANDARD = gnu17;
				GCC_NO_COMMON_BLOCKS = YES;
				GCC_WARN_64_TO_32_BIT_CONVERSION = YES;
				GCC_WARN_ABOUT_RETURN_TYPE = YES_ERROR;
				GCC_WARN_UNDECLARED_SELECTOR = YES;
				GCC_WARN_UNINITIALIZED_AUTOS = YES_AGGRESSIVE;
				GCC_WARN_UNUSED_FUNCTION = YES;
				GCC_WARN_UNUSED_VARIABLE = YES;
				IPHONEOS_DEPLOYMENT_TARGET = 18.1;
				LOCALIZATION_PREFERS_STRING_CATALOGS = YES;
				MTL_ENABLE_DEBUG_INFO = NO;
				MTL_FAST_MATH = YES;
				SDKROOT = iphoneos;
				SWIFT_COMPILATION_MODE = wholemodule;
				VALIDATE_PRODUCT = YES;
			};
			name = Release;
		};
		829F61702CDC1EBC0009D977 /* Debug */ = {
			isa = XCBuildConfiguration;
			buildSettings = {
				ASSETCATALOG_COMPILER_APPICON_NAME = AppIcon;
				ASSETCATALOG_COMPILER_GLOBAL_ACCENT_COLOR_NAME = AccentColor;
				CODE_SIGN_STYLE = Automatic;
				CURRENT_PROJECT_VERSION = 1;
				DEVELOPMENT_ASSET_PATHS = "\"Talkney/Preview Content\"";
				ENABLE_PREVIEWS = YES;
				GENERATE_INFOPLIST_FILE = YES;
				INFOPLIST_KEY_UIApplicationSceneManifest_Generation = YES;
				INFOPLIST_KEY_UIApplicationSupportsIndirectInputEvents = YES;
				INFOPLIST_KEY_UILaunchScreen_Generation = YES;
				INFOPLIST_KEY_UISupportedInterfaceOrientations_iPad = "UIInterfaceOrientationPortrait UIInterfaceOrientationPortraitUpsideDown UIInterfaceOrientationLandscapeLeft UIInterfaceOrientationLandscapeRight";
				INFOPLIST_KEY_UISupportedInterfaceOrientations_iPhone = "UIInterfaceOrientationPortrait UIInterfaceOrientationLandscapeLeft UIInterfaceOrientationLandscapeRight";
				LD_RUNPATH_SEARCH_PATHS = (
					"$(inherited)",
					"@executable_path/Frameworks",
				);
				MARKETING_VERSION = 1.0;
				PRODUCT_BUNDLE_IDENTIFIER = com.talkney.Talkney;
				PRODUCT_NAME = "$(TARGET_NAME)";
				SWIFT_EMIT_LOC_STRINGS = YES;
				SWIFT_VERSION = 5.0;
				TARGETED_DEVICE_FAMILY = "1,2";
			};
			name = Debug;
		};
		829F61712CDC1EBC0009D977 /* Release */ = {
			isa = XCBuildConfiguration;
			buildSettings = {
				ASSETCATALOG_COMPILER_APPICON_NAME = AppIcon;
				ASSETCATALOG_COMPILER_GLOBAL_ACCENT_COLOR_NAME = AccentColor;
				CODE_SIGN_STYLE = Automatic;
				CURRENT_PROJECT_VERSION = 1;
				DEVELOPMENT_ASSET_PATHS = "\"Talkney/Preview Content\"";
				ENABLE_PREVIEWS = YES;
				GENERATE_INFOPLIST_FILE = YES;
				INFOPLIST_KEY_UIApplicationSceneManifest_Generation = YES;
				INFOPLIST_KEY_UIApplicationSupportsIndirectInputEvents = YES;
				INFOPLIST_KEY_UILaunchScreen_Generation = YES;
				INFOPLIST_KEY_UISupportedInterfaceOrientations_iPad = "UIInterfaceOrientationPortrait UIInterfaceOrientationPortraitUpsideDown UIInterfaceOrientationLandscapeLeft UIInterfaceOrientationLandscapeRight";
				INFOPLIST_KEY_UISupportedInterfaceOrientations_iPhone = "UIInterfaceOrientationPortrait UIInterfaceOrientationLandscapeLeft UIInterfaceOrientationLandscapeRight";
				LD_RUNPATH_SEARCH_PATHS = (
					"$(inherited)",
					"@executable_path/Frameworks",
				);
				MARKETING_VERSION = 1.0;
				PRODUCT_BUNDLE_IDENTIFIER = com.talkney.Talkney;
				PRODUCT_NAME = "$(TARGET_NAME)";
				SWIFT_EMIT_LOC_STRINGS = YES;
				SWIFT_VERSION = 5.0;
				TARGETED_DEVICE_FAMILY = "1,2";
			};
			name = Release;
		};
		829F61732CDC1EBC0009D977 /* Debug */ = {
			isa = XCBuildConfiguration;
			buildSettings = {
				BUNDLE_LOADER = "$(TEST_HOST)";
				CODE_SIGN_STYLE = Automatic;
				CURRENT_PROJECT_VERSION = 1;
				GENERATE_INFOPLIST_FILE = YES;
				IPHONEOS_DEPLOYMENT_TARGET = 18.1;
				MARKETING_VERSION = 1.0;
				PRODUCT_BUNDLE_IDENTIFIER = com.talkney.TalkneyTests;
				PRODUCT_NAME = "$(TARGET_NAME)";
				SWIFT_EMIT_LOC_STRINGS = NO;
				SWIFT_VERSION = 5.0;
				TARGETED_DEVICE_FAMILY = "1,2";
				TEST_HOST = "$(BUILT_PRODUCTS_DIR)/Talkney.app/$(BUNDLE_EXECUTABLE_FOLDER_PATH)/Talkney";
			};
			name = Debug;
		};
		829F61742CDC1EBC0009D977 /* Release */ = {
			isa = XCBuildConfiguration;
			buildSettings = {
				BUNDLE_LOADER = "$(TEST_HOST)";
				CODE_SIGN_STYLE = Automatic;
				CURRENT_PROJECT_VERSION = 1;
				GENERATE_INFOPLIST_FILE = YES;
				IPHONEOS_DEPLOYMENT_TARGET = 18.1;
				MARKETING_VERSION = 1.0;
				PRODUCT_BUNDLE_IDENTIFIER = com.talkney.TalkneyTests;
				PRODUCT_NAME = "$(TARGET_NAME)";
				SWIFT_EMIT_LOC_STRINGS = NO;
				SWIFT_VERSION = 5.0;
				TARGETED_DEVICE_FAMILY = "1,2";
				TEST_HOST = "$(BUILT_PRODUCTS_DIR)/Talkney.app/$(BUNDLE_EXECUTABLE_FOLDER_PATH)/Talkney";
			};
			name = Release;
		};
		829F61762CDC1EBC0009D977 /* Debug */ = {
			isa = XCBuildConfiguration;
			buildSettings = {
				CODE_SIGN_STYLE = Automatic;
				CURRENT_PROJECT_VERSION = 1;
				GENERATE_INFOPLIST_FILE = YES;
				MARKETING_VERSION = 1.0;
				PRODUCT_BUNDLE_IDENTIFIER = com.talkney.TalkneyUITests;
				PRODUCT_NAME = "$(TARGET_NAME)";
				SWIFT_EMIT_LOC_STRINGS = NO;
				SWIFT_VERSION = 5.0;
				TARGETED_DEVICE_FAMILY = "1,2";
				TEST_TARGET_NAME = Talkney;
			};
			name = Debug;
		};
		829F61772CDC1EBC0009D977 /* Release */ = {
			isa = XCBuildConfiguration;
			buildSettings = {
				CODE_SIGN_STYLE = Automatic;
				CURRENT_PROJECT_VERSION = 1;
				GENERATE_INFOPLIST_FILE = YES;
				MARKETING_VERSION = 1.0;
				PRODUCT_BUNDLE_IDENTIFIER = com.talkney.TalkneyUITests;
				PRODUCT_NAME = "$(TARGET_NAME)";
				SWIFT_EMIT_LOC_STRINGS = NO;
				SWIFT_VERSION = 5.0;
				TARGETED_DEVICE_FAMILY = "1,2";
				TEST_TARGET_NAME = Talkney;
			};
			name = Release;
		};
/* End XCBuildConfiguration section */

/* Begin XCConfigurationList section */
		829F61462CDC1EBA0009D977 /* Build configuration list for PBXProject "Talkney" */ = {
			isa = XCConfigurationList;
			buildConfigurations = (
				829F616D2CDC1EBC0009D977 /* Debug */,
				829F616E2CDC1EBC0009D977 /* Release */,
			);
			defaultConfigurationIsVisible = 0;
			defaultConfigurationName = Release;
		};
		829F616F2CDC1EBC0009D977 /* Build configuration list for PBXNativeTarget "Talkney" */ = {
			isa = XCConfigurationList;
			buildConfigurations = (
				829F61702CDC1EBC0009D977 /* Debug */,
				829F61712CDC1EBC0009D977 /* Release */,
			);
			defaultConfigurationIsVisible = 0;
			defaultConfigurationName = Release;
		};
		829F61722CDC1EBC0009D977 /* Build configuration list for PBXNativeTarget "TalkneyTests" */ = {
			isa = XCConfigurationList;
			buildConfigurations = (
				829F61732CDC1EBC0009D977 /* Debug */,
				829F61742CDC1EBC0009D977 /* Release */,
			);
			defaultConfigurationIsVisible = 0;
			defaultConfigurationName = Release;
		};
		829F61752CDC1EBC0009D977 /* Build configuration list for PBXNativeTarget "TalkneyUITests" */ = {
			isa = XCConfigurationList;
			buildConfigurations = (
				829F61762CDC1EBC0009D977 /* Debug */,
				829F61772CDC1EBC0009D977 /* Release */,
			);
			defaultConfigurationIsVisible = 0;
			defaultConfigurationName = Release;
		};
/* End XCConfigurationList section */
	};
	rootObject = 829F61432CDC1EBA0009D977 /* Project object */;
}
